
Microsoft Visual Studio Solution File, Format Version 12.00
# Visual Studio Version 16
VisualStudioVersion = 16.0.31229.75
MinimumVisualStudioVersion = 10.0.40219.1
Project("{FAE04EC0-301F-11D3-BF4B-00C04F79EFBC}") = "dotNetCore_WebSample", "dotNetCore_WebSample\dotNetCore_WebSample.csproj", "{70818DFF-DE1C-4285-9BC8-BBECC9319D82}"
EndProject
Global
	GlobalSection(SolutionConfigurationPlatforms) = preSolution
		Debug|Any CPU = Debug|Any CPU
		Release|Any CPU = Release|Any CPU
	EndGlobalSection
	GlobalSection(ProjectConfigurationPlatforms) = postSolution
		{70818DFF-DE1C-4285-9BC8-BBECC9319D82}.Debug|Any CPU.ActiveCfg = Debug|Any CPU
		{70818DFF-DE1C-4285-9BC8-BBECC9319D82}.Debug|Any CPU.Build.0 = Debug|Any CPU
		{70818DFF-DE1C-4285-9BC8-BBECC9319D82}.Release|Any CPU.ActiveCfg = Release|Any CPU
		{70818DFF-DE1C-4285-9BC8-BBECC9319D82}.Release|Any CPU.Build.0 = Release|Any CPU
	EndGlobalSection
	GlobalSection(SolutionProperties) = preSolution
		HideSolutionNode = FALSE
	EndGlobalSection
	GlobalSection(ExtensibilityGlobals) = postSolution
		SolutionGuid = {DAF1DC62-FF54-4EC5-9F70-3662B85D3433}
	EndGlobalSection
EndGlobal
